
Microsoft Visual Studio Solution File, Format Version 12.00
# Visual Studio Version 17
VisualStudioVersion = 17.9.34728.123
MinimumVisualStudioVersion = 10.0.40219.1
Project("{FAE04EC0-301F-11D3-BF4B-00C04F79EFBC}") = "StudentPortal_Web", "StudentPortal_Web\StudentPortal_Web.csproj", "{EE33B08E-FBC8-479D-AFC6-C2D5CA1BD63C}"
EndProject
Global
	GlobalSection(SolutionConfigurationPlatforms) = preSolution
		Debug|Any CPU = Debug|Any CPU
		Release|Any CPU = Release|Any CPU
	EndGlobalSection
	GlobalSection(ProjectConfigurationPlatforms) = postSolution
		{EE33B08E-FBC8-479D-AFC6-C2D5CA1BD63C}.Debug|Any CPU.ActiveCfg = Debug|Any CPU
		{EE33B08E-FBC8-479D-AFC6-C2D5CA1BD63C}.Debug|Any CPU.Build.0 = Debug|Any CPU
		{EE33B08E-FBC8-479D-AFC6-C2D5CA1BD63C}.Release|Any CPU.ActiveCfg = Release|Any CPU
		{EE33B08E-FBC8-479D-AFC6-C2D5CA1BD63C}.Release|Any CPU.Build.0 = Release|Any CPU
	EndGlobalSection
	GlobalSection(SolutionProperties) = preSolution
		HideSolutionNode = FALSE
	EndGlobalSection
	GlobalSection(ExtensibilityGlobals) = postSolution
		SolutionGuid = {D705D7F5-7578-4688-9491-E96D509E428B}
	EndGlobalSection
EndGlobal
